// !$*UTF8*$!
{
	archiveVersion = 1;
	classes = {
	};
	objectVersion = 46;
	objects = {

/* Begin PBXBuildFile section */
		12E2CF851ABE0D3F003DE816 /* AppDelegate.swift in Sources */ = {isa = PBXBuildFile; fileRef = 12E2CF841ABE0D3F003DE816 /* AppDelegate.swift */; };
		12E2CF871ABE0D3F003DE816 /* FirstViewController.swift in Sources */ = {isa = PBXBuildFile; fileRef = 12E2CF861ABE0D3F003DE816 /* FirstViewController.swift */; };
		12E2CF891ABE0D3F003DE816 /* SecondViewController.swift in Sources */ = {isa = PBXBuildFile; fileRef = 12E2CF881ABE0D3F003DE816 /* SecondViewController.swift */; };
		12E2CF8C1ABE0D3F003DE816 /* Main.storyboard in Resources */ = {isa = PBXBuildFile; fileRef = 12E2CF8A1ABE0D3F003DE816 /* Main.storyboard */; };
		12E2CF8E1ABE0D3F003DE816 /* Images.xcassets in Resources */ = {isa = PBXBuildFile; fileRef = 12E2CF8D1ABE0D3F003DE816 /* Images.xcassets */; };
		12E2CF911ABE0D3F003DE816 /* LaunchScreen.xib in Resources */ = {isa = PBXBuildFile; fileRef = 12E2CF8F1ABE0D3F003DE816 /* LaunchScreen.xib */; };
		12E2CF9D1ABE0D3F003DE816 /* TellerTests.swift in Sources */ = {isa = PBXBuildFile; fileRef = 12E2CF9C1ABE0D3F003DE816 /* TellerTests.swift */; };
		12E2CFAB1ABE7938003DE816 /* ChatViewController.swift in Sources */ = {isa = PBXBuildFile; fileRef = 12E2CFAA1ABE7938003DE816 /* ChatViewController.swift */; };
/* End PBXBuildFile section */

/* Begin PBXContainerItemProxy section */
		12E2CF971ABE0D3F003DE816 /* PBXContainerItemProxy */ = {
			isa = PBXContainerItemProxy;
			containerPortal = 12E2CF771ABE0D3F003DE816 /* Project object */;
			proxyType = 1;
			remoteGlobalIDString = 12E2CF7E1ABE0D3F003DE816;
			remoteInfo = Teller;
		};
/* End PBXContainerItemProxy section */

/* Begin PBXFileReference section */
		12E2CF7F1ABE0D3F003DE816 /* Teller.app */ = {isa = PBXFileReference; explicitFileType = wrapper.application; includeInIndex = 0; path = Teller.app; sourceTree = BUILT_PRODUCTS_DIR; };
		12E2CF831ABE0D3F003DE816 /* Info.plist */ = {isa = PBXFileReference; lastKnownFileType = text.plist.xml; path = Info.plist; sourceTree = "<group>"; };
		12E2CF841ABE0D3F003DE816 /* AppDelegate.swift */ = {isa = PBXFileReference; lastKnownFileType = sourcecode.swift; path = AppDelegate.swift; sourceTree = "<group>"; };
		12E2CF861ABE0D3F003DE816 /* FirstViewController.swift */ = {isa = PBXFileReference; lastKnownFileType = sourcecode.swift; path = FirstViewController.swift; sourceTree = "<group>"; };
		12E2CF881ABE0D3F003DE816 /* SecondViewController.swift */ = {isa = PBXFileReference; lastKnownFileType = sourcecode.swift; path = SecondViewController.swift; sourceTree = "<group>"; };
		12E2CF8B1ABE0D3F003DE816 /* Base */ = {isa = PBXFileReference; lastKnownFileType = file.storyboard; name = Base; path = Base.lproj/Main.storyboard; sourceTree = "<group>"; };
		12E2CF8D1ABE0D3F003DE816 /* Images.xcassets */ = {isa = PBXFileReference; lastKnownFileType = folder.assetcatalog; path = Images.xcassets; sourceTree = "<group>"; };
		12E2CF901ABE0D3F003DE816 /* Base */ = {isa = PBXFileReference; lastKnownFileType = file.xib; name = Base; path = Base.lproj/LaunchScreen.xib; sourceTree = "<group>"; };
		12E2CF961ABE0D3F003DE816 /* TellerTests.xctest */ = {isa = PBXFileReference; explicitFileType = wrapper.cfbundle; includeInIndex = 0; path = TellerTests.xctest; sourceTree = BUILT_PRODUCTS_DIR; };
		12E2CF9B1ABE0D3F003DE816 /* Info.plist */ = {isa = PBXFileReference; lastKnownFileType = text.plist.xml; path = Info.plist; sourceTree = "<group>"; };
		12E2CF9C1ABE0D3F003DE816 /* TellerTests.swift */ = {isa = PBXFileReference; lastKnownFileType = sourcecode.swift; path = TellerTests.swift; sourceTree = "<group>"; };
		12E2CFAA1ABE7938003DE816 /* ChatViewController.swift */ = {isa = PBXFileReference; fileEncoding = 4; lastKnownFileType = sourcecode.swift; path = ChatViewController.swift; sourceTree = "<group>"; };
/* End PBXFileReference section */

/* Begin PBXFrameworksBuildPhase section */
		12E2CF7C1ABE0D3F003DE816 /* Frameworks */ = {
			isa = PBXFrameworksBuildPhase;
			buildActionMask = 2147483647;
			files = (
			);
			runOnlyForDeploymentPostprocessing = 0;
		};
		12E2CF931ABE0D3F003DE816 /* Frameworks */ = {
			isa = PBXFrameworksBuildPhase;
			buildActionMask = 2147483647;
			files = (
			);
			runOnlyForDeploymentPostprocessing = 0;
		};
/* End PBXFrameworksBuildPhase section */

/* Begin PBXGroup section */
		12E2CF761ABE0D3F003DE816 = {
			isa = PBXGroup;
			children = (
				12E2CF811ABE0D3F003DE816 /* Teller */,
				12E2CF991ABE0D3F003DE816 /* TellerTests */,
				12E2CF801ABE0D3F003DE816 /* Products */,
			);
			sourceTree = "<group>";
		};
		12E2CF801ABE0D3F003DE816 /* Products */ = {
			isa = PBXGroup;
			children = (
				12E2CF7F1ABE0D3F003DE816 /* Teller.app */,
				12E2CF961ABE0D3F003DE816 /* TellerTests.xctest */,
			);
			name = Products;
			sourceTree = "<group>";
		};
		12E2CF811ABE0D3F003DE816 /* Teller */ = {
			isa = PBXGroup;
			children = (
				12E2CF841ABE0D3F003DE816 /* AppDelegate.swift */,
				12E2CF861ABE0D3F003DE816 /* FirstViewController.swift */,
				12E2CF881ABE0D3F003DE816 /* SecondViewController.swift */,
				12E2CF8A1ABE0D3F003DE816 /* Main.storyboard */,
				12E2CFAA1ABE7938003DE816 /* ChatViewController.swift */,
				12E2CF8D1ABE0D3F003DE816 /* Images.xcassets */,
				12E2CF8F1ABE0D3F003DE816 /* LaunchScreen.xib */,
				12E2CF821ABE0D3F003DE816 /* Supporting Files */,
			);
			path = Teller;
			sourceTree = "<group>";
		};
		12E2CF821ABE0D3F003DE816 /* Supporting Files */ = {
			isa = PBXGroup;
			children = (
				12E2CF831ABE0D3F003DE816 /* Info.plist */,
			);
			name = "Supporting Files";
			sourceTree = "<group>";
		};
		12E2CF991ABE0D3F003DE816 /* TellerTests */ = {
			isa = PBXGroup;
			children = (
				12E2CF9C1ABE0D3F003DE816 /* TellerTests.swift */,
				12E2CF9A1ABE0D3F003DE816 /* Supporting Files */,
			);
			path = TellerTests;
			sourceTree = "<group>";
		};
		12E2CF9A1ABE0D3F003DE816 /* Supporting Files */ = {
			isa = PBXGroup;
			children = (
				12E2CF9B1ABE0D3F003DE816 /* Info.plist */,
			);
			name = "Supporting Files";
			sourceTree = "<group>";
		};
/* End PBXGroup section */

/* Begin PBXNativeTarget section */
		12E2CF7E1ABE0D3F003DE816 /* Teller */ = {
			isa = PBXNativeTarget;
			buildConfigurationList = 12E2CFA01ABE0D3F003DE816 /* Build configuration list for PBXNativeTarget "Teller" */;
			buildPhases = (
				12E2CF7B1ABE0D3F003DE816 /* Sources */,
				12E2CF7C1ABE0D3F003DE816 /* Frameworks */,
				12E2CF7D1ABE0D3F003DE816 /* Resources */,
			);
			buildRules = (
			);
			dependencies = (
			);
			name = Teller;
			productName = Teller;
			productReference = 12E2CF7F1ABE0D3F003DE816 /* Teller.app */;
			productType = "com.apple.product-type.application";
		};
		12E2CF951ABE0D3F003DE816 /* TellerTests */ = {
			isa = PBXNativeTarget;
			buildConfigurationList = 12E2CFA31ABE0D3F003DE816 /* Build configuration list for PBXNativeTarget "TellerTests" */;
			buildPhases = (
				12E2CF921ABE0D3F003DE816 /* Sources */,
				12E2CF931ABE0D3F003DE816 /* Frameworks */,
				12E2CF941ABE0D3F003DE816 /* Resources */,
			);
			buildRules = (
			);
			dependencies = (
				12E2CF981ABE0D3F003DE816 /* PBXTargetDependency */,
			);
			name = TellerTests;
			productName = TellerTests;
			productReference = 12E2CF961ABE0D3F003DE816 /* TellerTests.xctest */;
			productType = "com.apple.product-type.bundle.unit-test";
		};
/* End PBXNativeTarget section */

/* Begin PBXProject section */
		12E2CF771ABE0D3F003DE816 /* Project object */ = {
			isa = PBXProject;
			attributes = {
				LastUpgradeCheck = 0610;
				ORGANIZATIONNAME = "Chris Lozac'h";
				TargetAttributes = {
					12E2CF7E1ABE0D3F003DE816 = {
						CreatedOnToolsVersion = 6.1.1;
					};
					12E2CF951ABE0D3F003DE816 = {
						CreatedOnToolsVersion = 6.1.1;
						TestTargetID = 12E2CF7E1ABE0D3F003DE816;
					};
				};
			};
			buildConfigurationList = 12E2CF7A1ABE0D3F003DE816 /* Build configuration list for PBXProject "Teller" */;
			compatibilityVersion = "Xcode 3.2";
			developmentRegion = English;
			hasScannedForEncodings = 0;
			knownRegions = (
				en,
				Base,
			);
			mainGroup = 12E2CF761ABE0D3F003DE816;
			productRefGroup = 12E2CF801ABE0D3F003DE816 /* Products */;
			projectDirPath = "";
			projectRoot = "";
			targets = (
				12E2CF7E1ABE0D3F003DE816 /* Teller */,
				12E2CF951ABE0D3F003DE816 /* TellerTests */,
			);
		};
/* End PBXProject section */

/* Begin PBXResourcesBuildPhase section */
		12E2CF7D1ABE0D3F003DE816 /* Resources */ = {
			isa = PBXResourcesBuildPhase;
			buildActionMask = 2147483647;
			files = (
				12E2CF8C1ABE0D3F003DE816 /* Main.storyboard in Resources */,
				12E2CF911ABE0D3F003DE816 /* LaunchScreen.xib in Resources */,
				12E2CF8E1ABE0D3F003DE816 /* Images.xcassets in Resources */,
			);
			runOnlyForDeploymentPostprocessing = 0;
		};
		12E2CF941ABE0D3F003DE816 /* Resources */ = {
			isa = PBXResourcesBuildPhase;
			buildActionMask = 2147483647;
			files = (
			);
			runOnlyForDeploymentPostprocessing = 0;
		};
/* End PBXResourcesBuildPhase section */

/* Begin PBXSourcesBuildPhase section */
		12E2CF7B1ABE0D3F003DE816 /* Sources */ = {
			isa = PBXSourcesBuildPhase;
			buildActionMask = 2147483647;
			files = (
				12E2CF891ABE0D3F003DE816 /* SecondViewController.swift in Sources */,
				12E2CF851ABE0D3F003DE816 /* AppDelegate.swift in Sources */,
				12E2CFAB1ABE7938003DE816 /* ChatViewController.swift in Sources */,
				12E2CF871ABE0D3F003DE816 /* FirstViewController.swift in Sources */,
			);
			runOnlyForDeploymentPostprocessing = 0;
		};
		12E2CF921ABE0D3F003DE816 /* Sources */ = {
			isa = PBXSourcesBuildPhase;
			buildActionMask = 2147483647;
			files = (
				12E2CF9D1ABE0D3F003DE816 /* TellerTests.swift in Sources */,
			);
			runOnlyForDeploymentPostprocessing = 0;
		};
/* End PBXSourcesBuildPhase section */

/* Begin PBXTargetDependency section */
		12E2CF981ABE0D3F003DE816 /* PBXTargetDependency */ = {
			isa = PBXTargetDependency;
			target = 12E2CF7E1ABE0D3F003DE816 /* Teller */;
			targetProxy = 12E2CF971ABE0D3F003DE816 /* PBXContainerItemProxy */;
		};
/* End PBXTargetDependency section */

/* Begin PBXVariantGroup section */
		12E2CF8A1ABE0D3F003DE816 /* Main.storyboard */ = {
			isa = PBXVariantGroup;
			children = (
				12E2CF8B1ABE0D3F003DE816 /* Base */,
			);
			name = Main.storyboard;
			sourceTree = "<group>";
		};
		12E2CF8F1ABE0D3F003DE816 /* LaunchScreen.xib */ = {
			isa = PBXVariantGroup;
			children = (
				12E2CF901ABE0D3F003DE816 /* Base */,
			);
			name = LaunchScreen.xib;
			sourceTree = "<group>";
		};
/* End PBXVariantGroup section */

/* Begin XCBuildConfiguration section */
		12E2CF9E1ABE0D3F003DE816 /* Debug */ = {
			isa = XCBuildConfiguration;
			buildSettings = {
				ALWAYS_SEARCH_USER_PATHS = NO;
				CLANG_CXX_LANGUAGE_STANDARD = "gnu++0x";
				CLANG_CXX_LIBRARY = "libc++";
				CLANG_ENABLE_MODULES = YES;
				CLANG_ENABLE_OBJC_ARC = YES;
				CLANG_WARN_BOOL_CONVERSION = YES;
				CLANG_WARN_CONSTANT_CONVERSION = YES;
				CLANG_WARN_DIRECT_OBJC_ISA_USAGE = YES_ERROR;
				CLANG_WARN_EMPTY_BODY = YES;
				CLANG_WARN_ENUM_CONVERSION = YES;
				CLANG_WARN_INT_CONVERSION = YES;
				CLANG_WARN_OBJC_ROOT_CLASS = YES_ERROR;
				CLANG_WARN_UNREACHABLE_CODE = YES;
				CLANG_WARN__DUPLICATE_METHOD_MATCH = YES;
				"CODE_SIGN_IDENTITY[sdk=iphoneos*]" = "iPhone Developer";
				COPY_PHASE_STRIP = NO;
				ENABLE_STRICT_OBJC_MSGSEND = YES;
				GCC_C_LANGUAGE_STANDARD = gnu99;
				GCC_DYNAMIC_NO_PIC = NO;
				GCC_OPTIMIZATION_LEVEL = 0;
				GCC_PREPROCESSOR_DEFINITIONS = (
					"DEBUG=1",
					"$(inherited)",
				);
				GCC_SYMBOLS_PRIVATE_EXTERN = NO;
				GCC_WARN_64_TO_32_BIT_CONVERSION = YES;
				GCC_WARN_ABOUT_RETURN_TYPE = YES_ERROR;
				GCC_WARN_UNDECLARED_SELECTOR = YES;
				GCC_WARN_UNINITIALIZED_AUTOS = YES_AGGRESSIVE;
				GCC_WARN_UNUSED_FUNCTION = YES;
				GCC_WARN_UNUSED_VARIABLE = YES;
				IPHONEOS_DEPLOYMENT_TARGET = 8.1;
				MTL_ENABLE_DEBUG_INFO = YES;
				ONLY_ACTIVE_ARCH = YES;
				SDKROOT = iphoneos;
				SWIFT_OPTIMIZATION_LEVEL = "-Onone";
				TARGETED_DEVICE_FAMILY = "1,2";
			};
			name = Debug;
		};
		12E2CF9F1ABE0D3F003DE816 /* Release */ = {
			isa = XCBuildConfiguration;
			buildSettings = {
				ALWAYS_SEARCH_USER_PATHS = NO;
				CLANG_CXX_LANGUAGE_STANDARD = "gnu++0x";
				CLANG_CXX_LIBRARY = "libc++";
				CLANG_ENABLE_MODULES = YES;
				CLANG_ENABLE_OBJC_ARC = YES;
				CLANG_WARN_BOOL_CONVERSION = YES;
				CLANG_WARN_CONSTANT_CONVERSION = YES;
				CLANG_WARN_DIRECT_OBJC_ISA_USAGE = YES_ERROR;
				CLANG_WARN_EMPTY_BODY = YES;
				CLANG_WARN_ENUM_CONVERSION = YES;
				CLANG_WARN_INT_CONVERSION = YES;
				CLANG_WARN_OBJC_ROOT_CLASS = YES_ERROR;
				CLANG_WARN_UNREACHABLE_CODE = YES;
				CLANG_WARN__DUPLICATE_METHOD_MATCH = YES;
				"CODE_SIGN_IDENTITY[sdk=iphoneos*]" = "iPhone Developer";
				COPY_PHASE_STRIP = YES;
				ENABLE_NS_ASSERTIONS = NO;
				ENABLE_STRICT_OBJC_MSGSEND = YES;
				GCC_C_LANGUAGE_STANDARD = gnu99;
				GCC_WARN_64_TO_32_BIT_CONVERSION = YES;
				GCC_WARN_ABOUT_RETURN_TYPE = YES_ERROR;
				GCC_WARN_UNDECLARED_SELECTOR = YES;
				GCC_WARN_UNINITIALIZED_AUTOS = YES_AGGRESSIVE;
				GCC_WARN_UNUSED_FUNCTION = YES;
				GCC_WARN_UNUSED_VARIABLE = YES;
				IPHONEOS_DEPLOYMENT_TARGET = 8.1;
				MTL_ENABLE_DEBUG_INFO = NO;
				SDKROOT = iphoneos;
				TARGETED_DEVICE_FAMILY = "1,2";
				VALIDATE_PRODUCT = YES;
			};
			name = Release;
		};
		12E2CFA11ABE0D3F003DE816 /* Debug */ = {
			isa = XCBuildConfiguration;
			buildSettings = {
				ASSETCATALOG_COMPILER_APPICON_NAME = AppIcon;
				INFOPLIST_FILE = Teller/Info.plist;
				LD_RUNPATH_SEARCH_PATHS = "$(inherited) @executable_path/Frameworks";
				PRODUCT_NAME = "$(TARGET_NAME)";
			};
			name = Debug;
		};
		12E2CFA21ABE0D3F003DE816 /* Release */ = {
			isa = XCBuildConfiguration;
			buildSettings = {
				ASSETCATALOG_COMPILER_APPICON_NAME = AppIcon;
				INFOPLIST_FILE = Teller/Info.plist;
				LD_RUNPATH_SEARCH_PATHS = "$(inherited) @executable_path/Frameworks";
				PRODUCT_NAME = "$(TARGET_NAME)";
			};
			name = Release;
		};
		12E2CFA41ABE0D3F003DE816 /* Debug */ = {
			isa = XCBuildConfiguration;
			buildSettings = {
				BUNDLE_LOADER = "$(TEST_HOST)";
				FRAMEWORK_SEARCH_PATHS = (
					"$(SDKROOT)/Developer/Library/Frameworks",
					"$(inherited)",
				);
				GCC_PREPROCESSOR_DEFINITIONS = (
					"DEBUG=1",
					"$(inherited)",
				);
				INFOPLIST_FILE = TellerTests/Info.plist;
				LD_RUNPATH_SEARCH_PATHS = "$(inherited) @executable_path/Frameworks @loader_path/Frameworks";
				PRODUCT_NAME = "$(TARGET_NAME)";
				TEST_HOST = "$(BUILT_PRODUCTS_DIR)/Teller.app/Teller";
			};
			name = Debug;
		};
		12E2CFA51ABE0D3F003DE816 /* Release */ = {
			isa = XCBuildConfiguration;
			buildSettings = {
				BUNDLE_LOADER = "$(TEST_HOST)";
				FRAMEWORK_SEARCH_PATHS = (
					"$(SDKROOT)/Developer/Library/Frameworks",
					"$(inherited)",
				);
				INFOPLIST_FILE = TellerTests/Info.plist;
				LD_RUNPATH_SEARCH_PATHS = "$(inherited) @executable_path/Frameworks @loader_path/Frameworks";
				PRODUCT_NAME = "$(TARGET_NAME)";
				TEST_HOST = "$(BUILT_PRODUCTS_DIR)/Teller.app/Teller";
			};
			name = Release;
		};
/* End XCBuildConfiguration section */

/* Begin XCConfigurationList section */
		12E2CF7A1ABE0D3F003DE816 /* Build configuration list for PBXProject "Teller" */ = {
			isa = XCConfigurationList;
			buildConfigurations = (
				12E2CF9E1ABE0D3F003DE816 /* Debug */,
				12E2CF9F1ABE0D3F003DE816 /* Release */,
			);
			defaultConfigurationIsVisible = 0;
			defaultConfigurationName = Release;
		};
		12E2CFA01ABE0D3F003DE816 /* Build configuration list for PBXNativeTarget "Teller" */ = {
			isa = XCConfigurationList;
			buildConfigurations = (
				12E2CFA11ABE0D3F003DE816 /* Debug */,
				12E2CFA21ABE0D3F003DE816 /* Release */,
			);
			defaultConfigurationIsVisible = 0;
			defaultConfigurationName = Release;
		};
		12E2CFA31ABE0D3F003DE816 /* Build configuration list for PBXNativeTarget "TellerTests" */ = {
			isa = XCConfigurationList;
			buildConfigurations = (
				12E2CFA41ABE0D3F003DE816 /* Debug */,
				12E2CFA51ABE0D3F003DE816 /* Release */,
			);
			defaultConfigurationIsVisible = 0;
			defaultConfigurationName = Release;
		};
/* End XCConfigurationList section */
	};
	rootObject = 12E2CF771ABE0D3F003DE816 /* Project object */;
}
